
Microsoft Visual Studio Solution File, Format Version 12.00
# Visual Studio Version 18
VisualStudioVersion = 18.0.11222.15
MinimumVisualStudioVersion = 10.0.40219.1
Project("{FAE04EC0-301F-11D3-BF4B-00C04F79EFBC}") = "Usuario.ABM.API", "Usuario.ABM.API.csproj", "{571DAE10-7FDA-408C-A96B-64F9064C1D6F}"
EndProject
Project("{FAE04EC0-301F-11D3-BF4B-00C04F79EFBC}") = "Usuario.ABM.Bussiness", "..\Usuario.ABM.Bussiness\Usuario.ABM.Bussiness.csproj", "{7505F205-64E3-A820-D108-62E42BA0111F}"
EndProject
Project("{FAE04EC0-301F-11D3-BF4B-00C04F79EFBC}") = "Usuario.ABM.Data", "..\Usuario.ABM.Data\Usuario.ABM.Data.csproj", "{9D279E25-D053-92DB-CA27-D3FEC314E880}"
EndProject
Project("{FAE04EC0-301F-11D3-BF4B-00C04F79EFBC}") = "Usuario.ABM.Entities", "..\Usuario.ABM.Entities\Usuario.ABM.Entities.csproj", "{D12AF913-FB8E-0F60-9560-CAE8ED62A8B0}"
EndProject
Global
	GlobalSection(SolutionConfigurationPlatforms) = preSolution
		Debug|Any CPU = Debug|Any CPU
		Release|Any CPU = Release|Any CPU
	EndGlobalSection
	GlobalSection(ProjectConfigurationPlatforms) = postSolution
		{571DAE10-7FDA-408C-A96B-64F9064C1D6F}.Debug|Any CPU.ActiveCfg = Debug|Any CPU
		{571DAE10-7FDA-408C-A96B-64F9064C1D6F}.Debug|Any CPU.Build.0 = Debug|Any CPU
		{571DAE10-7FDA-408C-A96B-64F9064C1D6F}.Release|Any CPU.ActiveCfg = Release|Any CPU
		{571DAE10-7FDA-408C-A96B-64F9064C1D6F}.Release|Any CPU.Build.0 = Release|Any CPU
		{7505F205-64E3-A820-D108-62E42BA0111F}.Debug|Any CPU.ActiveCfg = Debug|Any CPU
		{7505F205-64E3-A820-D108-62E42BA0111F}.Debug|Any CPU.Build.0 = Debug|Any CPU
		{7505F205-64E3-A820-D108-62E42BA0111F}.Release|Any CPU.ActiveCfg = Release|Any CPU
		{7505F205-64E3-A820-D108-62E42BA0111F}.Release|Any CPU.Build.0 = Release|Any CPU
		{9D279E25-D053-92DB-CA27-D3FEC314E880}.Debug|Any CPU.ActiveCfg = Debug|Any CPU
		{9D279E25-D053-92DB-CA27-D3FEC314E880}.Debug|Any CPU.Build.0 = Debug|Any CPU
		{9D279E25-D053-92DB-CA27-D3FEC314E880}.Release|Any CPU.ActiveCfg = Release|Any CPU
		{9D279E25-D053-92DB-CA27-D3FEC314E880}.Release|Any CPU.Build.0 = Release|Any CPU
		{D12AF913-FB8E-0F60-9560-CAE8ED62A8B0}.Debug|Any CPU.ActiveCfg = Debug|Any CPU
		{D12AF913-FB8E-0F60-9560-CAE8ED62A8B0}.Debug|Any CPU.Build.0 = Debug|Any CPU
		{D12AF913-FB8E-0F60-9560-CAE8ED62A8B0}.Release|Any CPU.ActiveCfg = Release|Any CPU
		{D12AF913-FB8E-0F60-9560-CAE8ED62A8B0}.Release|Any CPU.Build.0 = Release|Any CPU
	EndGlobalSection
	GlobalSection(SolutionProperties) = preSolution
		HideSolutionNode = FALSE
	EndGlobalSection
	GlobalSection(ExtensibilityGlobals) = postSolution
		SolutionGuid = {1FF80E0E-1607-4F79-87CA-0499862BFA42}
	EndGlobalSection
EndGlobal
